
Microsoft Visual Studio Solution File, Format Version 12.00
# Visual Studio Version 17
VisualStudioVersion = 17.7.34024.191
MinimumVisualStudioVersion = 10.0.40219.1
Project("{FAE04EC0-301F-11D3-BF4B-00C04F79EFBC}") = "Modul Praktikum PBO 2", "Modul Praktikum PBO 2\Modul Praktikum PBO 2.csproj", "{66A54815-DA22-4467-95F1-3153E71AE45D}"
EndProject
Global
	GlobalSection(SolutionConfigurationPlatforms) = preSolution
		Debug|Any CPU = Debug|Any CPU
		Release|Any CPU = Release|Any CPU
	EndGlobalSection
	GlobalSection(ProjectConfigurationPlatforms) = postSolution
		{66A54815-DA22-4467-95F1-3153E71AE45D}.Debug|Any CPU.ActiveCfg = Debug|Any CPU
		{66A54815-DA22-4467-95F1-3153E71AE45D}.Debug|Any CPU.Build.0 = Debug|Any CPU
		{66A54815-DA22-4467-95F1-3153E71AE45D}.Release|Any CPU.ActiveCfg = Release|Any CPU
		{66A54815-DA22-4467-95F1-3153E71AE45D}.Release|Any CPU.Build.0 = Release|Any CPU
	EndGlobalSection
	GlobalSection(SolutionProperties) = preSolution
		HideSolutionNode = FALSE
	EndGlobalSection
	GlobalSection(ExtensibilityGlobals) = postSolution
		SolutionGuid = {0C9260D5-1B2E-4680-8A94-94828E3330E3}
	EndGlobalSection
EndGlobal
